
Microsoft Visual Studio Solution File, Format Version 12.00
# Visual Studio 15
VisualStudioVersion = 15.0.28307.852
MinimumVisualStudioVersion = 10.0.40219.1
Project("{FAE04EC0-301F-11D3-BF4B-00C04F79EFBC}") = "EFDotnetcore", "EFDotnetcore\EFDotnetcore.csproj", "{39081FA7-7C73-432D-9B47-F58983C0FD5B}"
EndProject
Global
	GlobalSection(SolutionConfigurationPlatforms) = preSolution
		Debug|Any CPU = Debug|Any CPU
		Release|Any CPU = Release|Any CPU
	EndGlobalSection
	GlobalSection(ProjectConfigurationPlatforms) = postSolution
		{39081FA7-7C73-432D-9B47-F58983C0FD5B}.Debug|Any CPU.ActiveCfg = Debug|Any CPU
		{39081FA7-7C73-432D-9B47-F58983C0FD5B}.Debug|Any CPU.Build.0 = Debug|Any CPU
		{39081FA7-7C73-432D-9B47-F58983C0FD5B}.Release|Any CPU.ActiveCfg = Release|Any CPU
		{39081FA7-7C73-432D-9B47-F58983C0FD5B}.Release|Any CPU.Build.0 = Release|Any CPU
	EndGlobalSection
	GlobalSection(SolutionProperties) = preSolution
		HideSolutionNode = FALSE
	EndGlobalSection
	GlobalSection(ExtensibilityGlobals) = postSolution
		SolutionGuid = {C3ADDA5D-7F0A-48B9-8504-0AFC6A780130}
	EndGlobalSection
EndGlobal
